// !$*UTF8*$!
{
	archiveVersion = 1;
	classes = {
	};
	objectVersion = 46;
	objects = {

/* Begin PBXBuildFile section */
		1BFFD0BE1DD1661900858992 /* AppDelegate.swift in Sources */ = {isa = PBXBuildFile; fileRef = 1BFFD0BD1DD1661900858992 /* AppDelegate.swift */; };
		1BFFD0C01DD1661900858992 /* ViewController.swift in Sources */ = {isa = PBXBuildFile; fileRef = 1BFFD0BF1DD1661900858992 /* ViewController.swift */; };
		1BFFD0C31DD1661900858992 /* Main.storyboard in Resources */ = {isa = PBXBuildFile; fileRef = 1BFFD0C11DD1661900858992 /* Main.storyboard */; };
		1BFFD0C51DD1661900858992 /* Assets.xcassets in Resources */ = {isa = PBXBuildFile; fileRef = 1BFFD0C41DD1661900858992 /* Assets.xcassets */; };
		1BFFD0C81DD1661900858992 /* LaunchScreen.storyboard in Resources */ = {isa = PBXBuildFile; fileRef = 1BFFD0C61DD1661900858992 /* LaunchScreen.storyboard */; };
		48C52CDC525B2D0BDCE6BC49 /* Pods_bugit.framework in Frameworks */ = {isa = PBXBuildFile; fileRef = 01676247167C41103457507D /* Pods_bugit.framework */; };
/* End PBXBuildFile section */

/* Begin PBXFileReference section */
		01676247167C41103457507D /* Pods_bugit.framework */ = {isa = PBXFileReference; explicitFileType = wrapper.framework; includeInIndex = 0; path = Pods_bugit.framework; sourceTree = BUILT_PRODUCTS_DIR; };
		0B932B8CC16F4F595E0DF3DE /* Pods-bugit.debug.xcconfig */ = {isa = PBXFileReference; includeInIndex = 1; lastKnownFileType = text.xcconfig; name = "Pods-bugit.debug.xcconfig"; path = "Pods/Target Support Files/Pods-bugit/Pods-bugit.debug.xcconfig"; sourceTree = "<group>"; };
		1BFFD0BA1DD1661900858992 /* bugit.app */ = {isa = PBXFileReference; explicitFileType = wrapper.application; includeInIndex = 0; path = bugit.app; sourceTree = BUILT_PRODUCTS_DIR; };
		1BFFD0BD1DD1661900858992 /* AppDelegate.swift */ = {isa = PBXFileReference; lastKnownFileType = sourcecode.swift; path = AppDelegate.swift; sourceTree = "<group>"; };
		1BFFD0BF1DD1661900858992 /* ViewController.swift */ = {isa = PBXFileReference; lastKnownFileType = sourcecode.swift; path = ViewController.swift; sourceTree = "<group>"; };
		1BFFD0C21DD1661900858992 /* Base */ = {isa = PBXFileReference; lastKnownFileType = file.storyboard; name = Base; path = Base.lproj/Main.storyboard; sourceTree = "<group>"; };
		1BFFD0C41DD1661900858992 /* Assets.xcassets */ = {isa = PBXFileReference; lastKnownFileType = folder.assetcatalog; path = Assets.xcassets; sourceTree = "<group>"; };
		1BFFD0C71DD1661900858992 /* Base */ = {isa = PBXFileReference; lastKnownFileType = file.storyboard; name = Base; path = Base.lproj/LaunchScreen.storyboard; sourceTree = "<group>"; };
		1BFFD0C91DD1661900858992 /* Info.plist */ = {isa = PBXFileReference; lastKnownFileType = text.plist.xml; path = Info.plist; sourceTree = "<group>"; };
		440017F1FF4CC4700478B187 /* Pods-bugit.release.xcconfig */ = {isa = PBXFileReference; includeInIndex = 1; lastKnownFileType = text.xcconfig; name = "Pods-bugit.release.xcconfig"; path = "Pods/Target Support Files/Pods-bugit/Pods-bugit.release.xcconfig"; sourceTree = "<group>"; };
/* End PBXFileReference section */

/* Begin PBXFrameworksBuildPhase section */
		1BFFD0B71DD1661900858992 /* Frameworks */ = {
			isa = PBXFrameworksBuildPhase;
			buildActionMask = 2147483647;
			files = (
				48C52CDC525B2D0BDCE6BC49 /* Pods_bugit.framework in Frameworks */,
			);
			runOnlyForDeploymentPostprocessing = 0;
		};
/* End PBXFrameworksBuildPhase section */

/* Begin PBXGroup section */
		1BFFD0B11DD1661900858992 = {
			isa = PBXGroup;
			children = (
				1BFFD0BC1DD1661900858992 /* bugit */,
				1BFFD0BB1DD1661900858992 /* Products */,
				9212D6FEF9A0CFC1EBB4D6A9 /* Pods */,
				451CAB66F7C26501CEF4D3B9 /* Frameworks */,
			);
			sourceTree = "<group>";
		};
		1BFFD0BB1DD1661900858992 /* Products */ = {
			isa = PBXGroup;
			children = (
				1BFFD0BA1DD1661900858992 /* bugit.app */,
			);
			name = Products;
			sourceTree = "<group>";
		};
		1BFFD0BC1DD1661900858992 /* bugit */ = {
			isa = PBXGroup;
			children = (
				1BFFD0BD1DD1661900858992 /* AppDelegate.swift */,
				1BFFD0BF1DD1661900858992 /* ViewController.swift */,
				1BFFD0C11DD1661900858992 /* Main.storyboard */,
				1BFFD0C41DD1661900858992 /* Assets.xcassets */,
				1BFFD0C61DD1661900858992 /* LaunchScreen.storyboard */,
				1BFFD0C91DD1661900858992 /* Info.plist */,
			);
			path = bugit;
			sourceTree = "<group>";
		};
		451CAB66F7C26501CEF4D3B9 /* Frameworks */ = {
			isa = PBXGroup;
			children = (
				01676247167C41103457507D /* Pods_bugit.framework */,
			);
			name = Frameworks;
			sourceTree = "<group>";
		};
		9212D6FEF9A0CFC1EBB4D6A9 /* Pods */ = {
			isa = PBXGroup;
			children = (
				0B932B8CC16F4F595E0DF3DE /* Pods-bugit.debug.xcconfig */,
				440017F1FF4CC4700478B187 /* Pods-bugit.release.xcconfig */,
			);
			name = Pods;
			sourceTree = "<group>";
		};
/* End PBXGroup section */

/* Begin PBXNativeTarget section */
		1BFFD0B91DD1661900858992 /* bugit */ = {
			isa = PBXNativeTarget;
			buildConfigurationList = 1BFFD0CC1DD1661900858992 /* Build configuration list for PBXNativeTarget "bugit" */;
			buildPhases = (
				DC88A1782D6BF6811A68B6ED /* [CP] Check Pods Manifest.lock */,
				1BFFD0B61DD1661900858992 /* Sources */,
				1BFFD0B71DD1661900858992 /* Frameworks */,
				1BFFD0B81DD1661900858992 /* Resources */,
				16E4640D111AA0961C92E3AE /* [CP] Embed Pods Frameworks */,
				A1EFEACDD6DA3611F4AA5017 /* [CP] Copy Pods Resources */,
			);
			buildRules = (
			);
			dependencies = (
			);
			name = bugit;
			productName = bugit;
			productReference = 1BFFD0BA1DD1661900858992 /* bugit.app */;
			productType = "com.apple.product-type.application";
		};
/* End PBXNativeTarget section */

/* Begin PBXProject section */
		1BFFD0B21DD1661900858992 /* Project object */ = {
			isa = PBXProject;
			attributes = {
				LastSwiftUpdateCheck = 0800;
				LastUpgradeCheck = 0800;
				ORGANIZATIONNAME = "BugIt App";
				TargetAttributes = {
					1BFFD0B91DD1661900858992 = {
						CreatedOnToolsVersion = 8.0;
						ProvisioningStyle = Automatic;
					};
				};
			};
			buildConfigurationList = 1BFFD0B51DD1661900858992 /* Build configuration list for PBXProject "bugit" */;
			compatibilityVersion = "Xcode 3.2";
			developmentRegion = English;
			hasScannedForEncodings = 0;
			knownRegions = (
				en,
				Base,
			);
			mainGroup = 1BFFD0B11DD1661900858992;
			productRefGroup = 1BFFD0BB1DD1661900858992 /* Products */;
			projectDirPath = "";
			projectRoot = "";
			targets = (
				1BFFD0B91DD1661900858992 /* bugit */,
			);
		};
/* End PBXProject section */

/* Begin PBXResourcesBuildPhase section */
		1BFFD0B81DD1661900858992 /* Resources */ = {
			isa = PBXResourcesBuildPhase;
			buildActionMask = 2147483647;
			files = (
				1BFFD0C81DD1661900858992 /* LaunchScreen.storyboard in Resources */,
				1BFFD0C51DD1661900858992 /* Assets.xcassets in Resources */,
				1BFFD0C31DD1661900858992 /* Main.storyboard in Resources */,
			);
			runOnlyForDeploymentPostprocessing = 0;
		};
/* End PBXResourcesBuildPhase section */

/* Begin PBXShellScriptBuildPhase section */
		16E4640D111AA0961C92E3AE /* [CP] Embed Pods Frameworks */ = {
			isa = PBXShellScriptBuildPhase;
			buildActionMask = 2147483647;
			files = (
			);
			inputPaths = (
			);
			name = "[CP] Embed Pods Frameworks";
			outputPaths = (
			);
			runOnlyForDeploymentPostprocessing = 0;
			shellPath = /bin/sh;
			shellScript = "\"${SRCROOT}/Pods/Target Support Files/Pods-bugit/Pods-bugit-frameworks.sh\"\n";
			showEnvVarsInLog = 0;
		};
		A1EFEACDD6DA3611F4AA5017 /* [CP] Copy Pods Resources */ = {
			isa = PBXShellScriptBuildPhase;
			buildActionMask = 2147483647;
			files = (
			);
			inputPaths = (
			);
			name = "[CP] Copy Pods Resources";
			outputPaths = (
			);
			runOnlyForDeploymentPostprocessing = 0;
			shellPath = /bin/sh;
			shellScript = "\"${SRCROOT}/Pods/Target Support Files/Pods-bugit/Pods-bugit-resources.sh\"\n";
			showEnvVarsInLog = 0;
		};
		DC88A1782D6BF6811A68B6ED /* [CP] Check Pods Manifest.lock */ = {
			isa = PBXShellScriptBuildPhase;
			buildActionMask = 2147483647;
			files = (
			);
			inputPaths = (
			);
			name = "[CP] Check Pods Manifest.lock";
			outputPaths = (
			);
			runOnlyForDeploymentPostprocessing = 0;
			shellPath = /bin/sh;
			shellScript = "diff \"${PODS_ROOT}/../Podfile.lock\" \"${PODS_ROOT}/Manifest.lock\" > /dev/null\nif [ $? != 0 ] ; then\n    # print error to STDERR\n    echo \"error: The sandbox is not in sync with the Podfile.lock. Run 'pod install' or update your CocoaPods installation.\" >&2\n    exit 1\nfi\n";
			showEnvVarsInLog = 0;
		};
/* End PBXShellScriptBuildPhase section */

/* Begin PBXSourcesBuildPhase section */
		1BFFD0B61DD1661900858992 /* Sources */ = {
			isa = PBXSourcesBuildPhase;
			buildActionMask = 2147483647;
			files = (
				1BFFD0C01DD1661900858992 /* ViewController.swift in Sources */,
				1BFFD0BE1DD1661900858992 /* AppDelegate.swift in Sources */,
			);
			runOnlyForDeploymentPostprocessing = 0;
		};
/* End PBXSourcesBuildPhase section */

/* Begin PBXVariantGroup section */
		1BFFD0C11DD1661900858992 /* Main.storyboard */ = {
			isa = PBXVariantGroup;
			children = (
				1BFFD0C21DD1661900858992 /* Base */,
			);
			name = Main.storyboard;
			sourceTree = "<group>";
		};
		1BFFD0C61DD1661900858992 /* LaunchScreen.storyboard */ = {
			isa = PBXVariantGroup;
			children = (
				1BFFD0C71DD1661900858992 /* Base */,
			);
			name = LaunchScreen.storyboard;
			sourceTree = "<group>";
		};
/* End PBXVariantGroup section */

/* Begin XCBuildConfiguration section */
		1BFFD0CA1DD1661900858992 /* Debug */ = {
			isa = XCBuildConfiguration;
			buildSettings = {
				ALWAYS_SEARCH_USER_PATHS = NO;
				CLANG_ANALYZER_NONNULL = YES;
				CLANG_CXX_LANGUAGE_STANDARD = "gnu++0x";
				CLANG_CXX_LIBRARY = "libc++";
				CLANG_ENABLE_MODULES = YES;
				CLANG_ENABLE_OBJC_ARC = YES;
				CLANG_WARN_BOOL_CONVERSION = YES;
				CLANG_WARN_CONSTANT_CONVERSION = YES;
				CLANG_WARN_DIRECT_OBJC_ISA_USAGE = YES_ERROR;
				CLANG_WARN_DOCUMENTATION_COMMENTS = YES;
				CLANG_WARN_EMPTY_BODY = YES;
				CLANG_WARN_ENUM_CONVERSION = YES;
				CLANG_WARN_INFINITE_RECURSION = YES;
				CLANG_WARN_INT_CONVERSION = YES;
				CLANG_WARN_OBJC_ROOT_CLASS = YES_ERROR;
				CLANG_WARN_SUSPICIOUS_MOVES = YES;
				CLANG_WARN_UNREACHABLE_CODE = YES;
				CLANG_WARN__DUPLICATE_METHOD_MATCH = YES;
				"CODE_SIGN_IDENTITY[sdk=iphoneos*]" = "iPhone Developer";
				COPY_PHASE_STRIP = NO;
				DEBUG_INFORMATION_FORMAT = dwarf;
				ENABLE_STRICT_OBJC_MSGSEND = YES;
				ENABLE_TESTABILITY = YES;
				GCC_C_LANGUAGE_STANDARD = gnu99;
				GCC_DYNAMIC_NO_PIC = NO;
				GCC_NO_COMMON_BLOCKS = YES;
				GCC_OPTIMIZATION_LEVEL = 0;
				GCC_PREPROCESSOR_DEFINITIONS = (
					"DEBUG=1",
					"$(inherited)",
				);
				GCC_WARN_64_TO_32_BIT_CONVERSION = YES;
				GCC_WARN_ABOUT_RETURN_TYPE = YES_ERROR;
				GCC_WARN_UNDECLARED_SELECTOR = YES;
				GCC_WARN_UNINITIALIZED_AUTOS = YES_AGGRESSIVE;
				GCC_WARN_UNUSED_FUNCTION = YES;
				GCC_WARN_UNUSED_VARIABLE = YES;
				IPHONEOS_DEPLOYMENT_TARGET = 10.0;
				MTL_ENABLE_DEBUG_INFO = YES;
				ONLY_ACTIVE_ARCH = YES;
				SDKROOT = iphoneos;
				SWIFT_ACTIVE_COMPILATION_CONDITIONS = DEBUG;
				SWIFT_OPTIMIZATION_LEVEL = "-Onone";
				TARGETED_DEVICE_FAMILY = "1,2";
			};
			name = Debug;
		};
		1BFFD0CB1DD1661900858992 /* Release */ = {
			isa = XCBuildConfiguration;
			buildSettings = {
				ALWAYS_SEARCH_USER_PATHS = NO;
				CLANG_ANALYZER_NONNULL = YES;
				CLANG_CXX_LANGUAGE_STANDARD = "gnu++0x";
				CLANG_CXX_LIBRARY = "libc++";
				CLANG_ENABLE_MODULES = YES;
				CLANG_ENABLE_OBJC_ARC = YES;
				CLANG_WARN_BOOL_CONVERSION = YES;
				CLANG_WARN_CONSTANT_CONVERSION = YES;
				CLANG_WARN_DIRECT_OBJC_ISA_USAGE = YES_ERROR;
				CLANG_WARN_DOCUMENTATION_COMMENTS = YES;
				CLANG_WARN_EMPTY_BODY = YES;
				CLANG_WARN_ENUM_CONVERSION = YES;
				CLANG_WARN_INFINITE_RECURSION = YES;
				CLANG_WARN_INT_CONVERSION = YES;
				CLANG_WARN_OBJC_ROOT_CLASS = YES_ERROR;
				CLANG_WARN_SUSPICIOUS_MOVES = YES;
				CLANG_WARN_UNREACHABLE_CODE = YES;
				CLANG_WARN__DUPLICATE_METHOD_MATCH = YES;
				"CODE_SIGN_IDENTITY[sdk=iphoneos*]" = "iPhone Developer";
				COPY_PHASE_STRIP = NO;
				DEBUG_INFORMATION_FORMAT = "dwarf-with-dsym";
				ENABLE_NS_ASSERTIONS = NO;
				ENABLE_STRICT_OBJC_MSGSEND = YES;
				GCC_C_LANGUAGE_STANDARD = gnu99;
				GCC_NO_COMMON_BLOCKS = YES;
				GCC_WARN_64_TO_32_BIT_CONVERSION = YES;
				GCC_WARN_ABOUT_RETURN_TYPE = YES_ERROR;
				GCC_WARN_UNDECLARED_SELECTOR = YES;
				GCC_WARN_UNINITIALIZED_AUTOS = YES_AGGRESSIVE;
				GCC_WARN_UNUSED_FUNCTION = YES;
				GCC_WARN_UNUSED_VARIABLE = YES;
				IPHONEOS_DEPLOYMENT_TARGET = 10.0;
				MTL_ENABLE_DEBUG_INFO = NO;
				SDKROOT = iphoneos;
				SWIFT_OPTIMIZATION_LEVEL = "-Owholemodule";
				TARGETED_DEVICE_FAMILY = "1,2";
				VALIDATE_PRODUCT = YES;
			};
			name = Release;
		};
		1BFFD0CD1DD1661900858992 /* Debug */ = {
			isa = XCBuildConfiguration;
			baseConfigurationReference = 0B932B8CC16F4F595E0DF3DE /* Pods-bugit.debug.xcconfig */;
			buildSettings = {
				ASSETCATALOG_COMPILER_APPICON_NAME = AppIcon;
				INFOPLIST_FILE = bugit/Info.plist;
				LD_RUNPATH_SEARCH_PATHS = "$(inherited) @executable_path/Frameworks";
				PRODUCT_BUNDLE_IDENTIFIER = bugitapp.bugit;
				PRODUCT_NAME = "$(TARGET_NAME)";
				SWIFT_VERSION = 3.0;
			};
			name = Debug;
		};
		1BFFD0CE1DD1661900858992 /* Release */ = {
			isa = XCBuildConfiguration;
			baseConfigurationReference = 440017F1FF4CC4700478B187 /* Pods-bugit.release.xcconfig */;
			buildSettings = {
				ASSETCATALOG_COMPILER_APPICON_NAME = AppIcon;
				INFOPLIST_FILE = bugit/Info.plist;
				LD_RUNPATH_SEARCH_PATHS = "$(inherited) @executable_path/Frameworks";
				PRODUCT_BUNDLE_IDENTIFIER = bugitapp.bugit;
				PRODUCT_NAME = "$(TARGET_NAME)";
				SWIFT_VERSION = 3.0;
			};
			name = Release;
		};
/* End XCBuildConfiguration section */

/* Begin XCConfigurationList section */
		1BFFD0B51DD1661900858992 /* Build configuration list for PBXProject "bugit" */ = {
			isa = XCConfigurationList;
			buildConfigurations = (
				1BFFD0CA1DD1661900858992 /* Debug */,
				1BFFD0CB1DD1661900858992 /* Release */,
			);
			defaultConfigurationIsVisible = 0;
			defaultConfigurationName = Release;
		};
		1BFFD0CC1DD1661900858992 /* Build configuration list for PBXNativeTarget "bugit" */ = {
			isa = XCConfigurationList;
			buildConfigurations = (
				1BFFD0CD1DD1661900858992 /* Debug */,
				1BFFD0CE1DD1661900858992 /* Release */,
			);
			defaultConfigurationIsVisible = 0;
			defaultConfigurationName = Release;
		};
/* End XCConfigurationList section */
	};
	rootObject = 1BFFD0B21DD1661900858992 /* Project object */;
}
